
Microsoft Visual Studio Solution File, Format Version 12.00
# Visual Studio 15
VisualStudioVersion = 15.0.28307.902
MinimumVisualStudioVersion = 10.0.40219.1
Project("{FAE04EC0-301F-11D3-BF4B-00C04F79EFBC}") = "Parser", "Parser.csproj", "{426D73E6-C24B-4CAF-93EE-C4B5B382B589}"
EndProject
Project("{FAE04EC0-301F-11D3-BF4B-00C04F79EFBC}") = "ParserLibrary", "ParserLibrary\ParserLibrary.csproj", "{129234BC-36EB-4969-9E49-6FC774708112}"
EndProject
Project("{FAE04EC0-301F-11D3-BF4B-00C04F79EFBC}") = "UnitTestParser.test", "UnitTestParser.test\UnitTestParser.test.csproj", "{F4B5FA9C-5072-456D-9E3A-2455DAD140F8}"
EndProject
Global
	GlobalSection(SolutionConfigurationPlatforms) = preSolution
		Debug|Any CPU = Debug|Any CPU
		Release|Any CPU = Release|Any CPU
	EndGlobalSection
	GlobalSection(ProjectConfigurationPlatforms) = postSolution
		{426D73E6-C24B-4CAF-93EE-C4B5B382B589}.Debug|Any CPU.ActiveCfg = Debug|Any CPU
		{426D73E6-C24B-4CAF-93EE-C4B5B382B589}.Debug|Any CPU.Build.0 = Debug|Any CPU
		{426D73E6-C24B-4CAF-93EE-C4B5B382B589}.Release|Any CPU.ActiveCfg = Release|Any CPU
		{426D73E6-C24B-4CAF-93EE-C4B5B382B589}.Release|Any CPU.Build.0 = Release|Any CPU
		{129234BC-36EB-4969-9E49-6FC774708112}.Debug|Any CPU.ActiveCfg = Debug|Any CPU
		{129234BC-36EB-4969-9E49-6FC774708112}.Debug|Any CPU.Build.0 = Debug|Any CPU
		{129234BC-36EB-4969-9E49-6FC774708112}.Release|Any CPU.ActiveCfg = Release|Any CPU
		{129234BC-36EB-4969-9E49-6FC774708112}.Release|Any CPU.Build.0 = Release|Any CPU
		{F4B5FA9C-5072-456D-9E3A-2455DAD140F8}.Debug|Any CPU.ActiveCfg = Debug|Any CPU
		{F4B5FA9C-5072-456D-9E3A-2455DAD140F8}.Debug|Any CPU.Build.0 = Debug|Any CPU
		{F4B5FA9C-5072-456D-9E3A-2455DAD140F8}.Release|Any CPU.ActiveCfg = Release|Any CPU
		{F4B5FA9C-5072-456D-9E3A-2455DAD140F8}.Release|Any CPU.Build.0 = Release|Any CPU
	EndGlobalSection
	GlobalSection(SolutionProperties) = preSolution
		HideSolutionNode = FALSE
	EndGlobalSection
	GlobalSection(ExtensibilityGlobals) = postSolution
		SolutionGuid = {708F9018-60B1-44CF-A8A4-C26F2D0D1006}
	EndGlobalSection
EndGlobal
